
Microsoft Visual Studio Solution File, Format Version 12.00
# Visual Studio Version 16
VisualStudioVersion = 16.0.30803.129
MinimumVisualStudioVersion = 10.0.40219.1
Project("{FAE04EC0-301F-11D3-BF4B-00C04F79EFBC}") = "AllocationFreeByteReaderWriter", "AllocationFreeByteReaderWriter.csproj", "{7AA315AD-02CC-4F39-B9C2-DB5F70BF44CA}"
EndProject
Global
	GlobalSection(SolutionConfigurationPlatforms) = preSolution
		Debug|Any CPU = Debug|Any CPU
		Release|Any CPU = Release|Any CPU
	EndGlobalSection
	GlobalSection(ProjectConfigurationPlatforms) = postSolution
		{7AA315AD-02CC-4F39-B9C2-DB5F70BF44CA}.Debug|Any CPU.ActiveCfg = Debug|Any CPU
		{7AA315AD-02CC-4F39-B9C2-DB5F70BF44CA}.Debug|Any CPU.Build.0 = Debug|Any CPU
		{7AA315AD-02CC-4F39-B9C2-DB5F70BF44CA}.Release|Any CPU.ActiveCfg = Release|Any CPU
		{7AA315AD-02CC-4F39-B9C2-DB5F70BF44CA}.Release|Any CPU.Build.0 = Release|Any CPU
	EndGlobalSection
	GlobalSection(SolutionProperties) = preSolution
		HideSolutionNode = FALSE
	EndGlobalSection
	GlobalSection(ExtensibilityGlobals) = postSolution
		SolutionGuid = {60449181-AAB5-4DA4-BFAA-9D4F02E3CE6C}
	EndGlobalSection
EndGlobal
